
Microsoft Visual Studio Solution File, Format Version 12.00
# Visual Studio 15
VisualStudioVersion = 15.0.28307.329
MinimumVisualStudioVersion = 10.0.40219.1
Project("{FAE04EC0-301F-11D3-BF4B-00C04F79EFBC}") = "Episode4", "Episode4\Episode4.csproj", "{049F2FB2-6B74-4AC0-93EB-3F36FE15F2B9}"
EndProject
Global
	GlobalSection(SolutionConfigurationPlatforms) = preSolution
		Debug|Any CPU = Debug|Any CPU
		Release|Any CPU = Release|Any CPU
	EndGlobalSection
	GlobalSection(ProjectConfigurationPlatforms) = postSolution
		{049F2FB2-6B74-4AC0-93EB-3F36FE15F2B9}.Debug|Any CPU.ActiveCfg = Debug|Any CPU
		{049F2FB2-6B74-4AC0-93EB-3F36FE15F2B9}.Debug|Any CPU.Build.0 = Debug|Any CPU
		{049F2FB2-6B74-4AC0-93EB-3F36FE15F2B9}.Release|Any CPU.ActiveCfg = Release|Any CPU
		{049F2FB2-6B74-4AC0-93EB-3F36FE15F2B9}.Release|Any CPU.Build.0 = Release|Any CPU
	EndGlobalSection
	GlobalSection(SolutionProperties) = preSolution
		HideSolutionNode = FALSE
	EndGlobalSection
	GlobalSection(ExtensibilityGlobals) = postSolution
		SolutionGuid = {62D01D49-D8FF-4AD3-BE30-785B4477F560}
	EndGlobalSection
EndGlobal
